{
  "name": "segment",
  "version": "0.1.0",
  "lockfileVersion": 3,
  "requires": true,
  "packages": {
    "": {
      "name": "segment",
      "version": "0.1.0",
      "license": "AGPL-3.0-only",
      "workspaces": [
        "packages/*",
        "apps/*"
      ],
      "engines": {
        "node": ">=20"
      }
    },
    "apps/server": {
      "name": "@segment/server",
      "version": "0.1.0",
      "license": "AGPL-3.0-only",
      "dependencies": {
        "@segment/protocol": "*",
        "ws": "^8.18.0"
      }
    },
    "apps/web": {
      "name": "@segment/web",
      "version": "0.1.0",
      "license": "AGPL-3.0-only"
    },
    "node_modules/@segment/core": {
      "resolved": "packages/core",
      "link": true
    },
    "node_modules/@segment/crypto": {
      "resolved": "packages/crypto",
      "link": true
    },
    "node_modules/@segment/protocol": {
      "resolved": "packages/protocol",
      "link": true
    },
    "node_modules/@segment/server": {
      "resolved": "apps/server",
      "link": true
    },
    "node_modules/@segment/web": {
      "resolved": "apps/web",
      "link": true
    },
    "node_modules/ws": {
      "version": "8.21.0",
      "resolved": "https://registry.npmjs.org/ws/-/ws-8.21.0.tgz",
      "integrity": "sha512-Vsp28b7DRcimFQvrqu2Wek3z1iYxDCWqHYB8Qsnk/S4RfaCQzPGPyBNuVjJV3cd6UiKtUtp6sNM77gWvzcCH+g==",
      "license": "MIT",
      "engines": {
        "node": ">=10.0.0"
      },
      "peerDependencies": {
        "bufferutil": "^4.0.1",
        "utf-8-validate": ">=5.0.2"
      },
      "peerDependenciesMeta": {
        "bufferutil": {
          "optional": true
        },
        "utf-8-validate": {
          "optional": true
        }
      }
    },
    "packages/core": {
      "name": "@segment/core",
      "version": "0.1.0",
      "license": "AGPL-3.0-only",
      "dependencies": {
        "@segment/crypto": "*",
        "@segment/protocol": "*"
      }
    },
    "packages/crypto": {
      "name": "@segment/crypto",
      "version": "0.1.0",
      "license": "AGPL-3.0-only"
    },
    "packages/protocol": {
      "name": "@segment/protocol",
      "version": "0.1.0",
      "license": "AGPL-3.0-only"
    }
  }
}
